// !$*UTF8*$!
{
	archiveVersion = 1;
	classes = {
	};
	objectVersion = 51;
	objects = {

/* Begin PBXBuildFile section */
		81A1BB9A23CE51800018254F /* AppDelegate.swift in Sources */ = {isa = PBXBuildFile; fileRef = 81A1BB9923CE51800018254F /* AppDelegate.swift */; };
		81A1BB9C23CE51800018254F /* SceneDelegate.swift in Sources */ = {isa = PBXBuildFile; fileRef = 81A1BB9B23CE51800018254F /* SceneDelegate.swift */; };
		81A1BBA123CE51800018254F /* Main.storyboard in Resources */ = {isa = PBXBuildFile; fileRef = 81A1BB9F23CE51800018254F /* Main.storyboard */; };
		81A1BBA423CE51800018254F /* BreakingBadModris.xcdatamodeld in Sources */ = {isa = PBXBuildFile; fileRef = 81A1BBA223CE51800018254F /* BreakingBadModris.xcdatamodeld */; };
		81A1BBA623CE51820018254F /* Assets.xcassets in Resources */ = {isa = PBXBuildFile; fileRef = 81A1BBA523CE51820018254F /* Assets.xcassets */; };
		81A1BBA923CE51820018254F /* LaunchScreen.storyboard in Resources */ = {isa = PBXBuildFile; fileRef = 81A1BBA723CE51820018254F /* LaunchScreen.storyboard */; };
		81A1BBB223CE52320018254F /* CharacterList.swift in Sources */ = {isa = PBXBuildFile; fileRef = 81A1BBB123CE52320018254F /* CharacterList.swift */; };
		81E7138723D0B574009BF8C9 /* Podfile in Resources */ = {isa = PBXBuildFile; fileRef = 81E7138623D0B574009BF8C9 /* Podfile */; };
		81E7138B23D0EE6B009BF8C9 /* QuoteViewController.swift in Sources */ = {isa = PBXBuildFile; fileRef = 81E7138A23D0EE6B009BF8C9 /* QuoteViewController.swift */; };
		81E713A723D10983009BF8C9 /* NotificationCenter.framework in Frameworks */ = {isa = PBXBuildFile; fileRef = 81E713A623D10983009BF8C9 /* NotificationCenter.framework */; };
		81E713AA23D10983009BF8C9 /* TodayViewController.swift in Sources */ = {isa = PBXBuildFile; fileRef = 81E713A923D10983009BF8C9 /* TodayViewController.swift */; };
		81E713AD23D10983009BF8C9 /* MainInterface.storyboard in Resources */ = {isa = PBXBuildFile; fileRef = 81E713AB23D10983009BF8C9 /* MainInterface.storyboard */; };
		81E713B123D10983009BF8C9 /* BrakingBadWidget.appex in Embed App Extensions */ = {isa = PBXBuildFile; fileRef = 81E713A523D10983009BF8C9 /* BrakingBadWidget.appex */; settings = {ATTRIBUTES = (RemoveHeadersOnCopy, ); }; };
		81E713BD23D115C6009BF8C9 /* BreakingBadModrisUITests.swift in Sources */ = {isa = PBXBuildFile; fileRef = 81E713BC23D115C6009BF8C9 /* BreakingBadModrisUITests.swift */; };
		B032340F82BF5AB425C0895C /* Pods_BrakingBadWidget.framework in Frameworks */ = {isa = PBXBuildFile; fileRef = E7DD65E67A0887C405BC6A0A /* Pods_BrakingBadWidget.framework */; };
		F52A5936A49D66D14D734ACA /* Pods_BreakingBadModris.framework in Frameworks */ = {isa = PBXBuildFile; fileRef = 854247222477F56A32D5CA4C /* Pods_BreakingBadModris.framework */; };
/* End PBXBuildFile section */

/* Begin PBXContainerItemProxy section */
		81E713AF23D10983009BF8C9 /* PBXContainerItemProxy */ = {
			isa = PBXContainerItemProxy;
			containerPortal = 81A1BB8E23CE51800018254F /* Project object */;
			proxyType = 1;
			remoteGlobalIDString = 81E713A423D10983009BF8C9;
			remoteInfo = BrakingBadWidget;
		};
		81E713BF23D115C6009BF8C9 /* PBXContainerItemProxy */ = {
			isa = PBXContainerItemProxy;
			containerPortal = 81A1BB8E23CE51800018254F /* Project object */;
			proxyType = 1;
			remoteGlobalIDString = 81A1BB9523CE51800018254F;
			remoteInfo = BreakingBadModris;
		};
/* End PBXContainerItemProxy section */

/* Begin PBXCopyFilesBuildPhase section */
		81E713B223D10983009BF8C9 /* Embed App Extensions */ = {
			isa = PBXCopyFilesBuildPhase;
			buildActionMask = 2147483647;
			dstPath = "";
			dstSubfolderSpec = 13;
			files = (
				81E713B123D10983009BF8C9 /* BrakingBadWidget.appex in Embed App Extensions */,
			);
			name = "Embed App Extensions";
			runOnlyForDeploymentPostprocessing = 0;
		};
/* End PBXCopyFilesBuildPhase section */

/* Begin PBXFileReference section */
		7FEDF2596CA9E757152F7A7D /* Pods-BreakingBadModris.debug.xcconfig */ = {isa = PBXFileReference; includeInIndex = 1; lastKnownFileType = text.xcconfig; name = "Pods-BreakingBadModris.debug.xcconfig"; path = "Target Support Files/Pods-BreakingBadModris/Pods-BreakingBadModris.debug.xcconfig"; sourceTree = "<group>"; };
		81A1BB9623CE51800018254F /* BreakingBadModris.app */ = {isa = PBXFileReference; explicitFileType = wrapper.application; includeInIndex = 0; path = BreakingBadModris.app; sourceTree = BUILT_PRODUCTS_DIR; };
		81A1BB9923CE51800018254F /* AppDelegate.swift */ = {isa = PBXFileReference; lastKnownFileType = sourcecode.swift; path = AppDelegate.swift; sourceTree = "<group>"; };
		81A1BB9B23CE51800018254F /* SceneDelegate.swift */ = {isa = PBXFileReference; lastKnownFileType = sourcecode.swift; path = SceneDelegate.swift; sourceTree = "<group>"; };
		81A1BBA023CE51800018254F /* Base */ = {isa = PBXFileReference; lastKnownFileType = file.storyboard; name = Base; path = Base.lproj/Main.storyboard; sourceTree = "<group>"; };
		81A1BBA323CE51800018254F /* BreakingBadModris.xcdatamodel */ = {isa = PBXFileReference; lastKnownFileType = wrapper.xcdatamodel; path = BreakingBadModris.xcdatamodel; sourceTree = "<group>"; };
		81A1BBA523CE51820018254F /* Assets.xcassets */ = {isa = PBXFileReference; lastKnownFileType = folder.assetcatalog; path = Assets.xcassets; sourceTree = "<group>"; };
		81A1BBA823CE51820018254F /* Base */ = {isa = PBXFileReference; lastKnownFileType = file.storyboard; name = Base; path = Base.lproj/LaunchScreen.storyboard; sourceTree = "<group>"; };
		81A1BBAA23CE51820018254F /* Info.plist */ = {isa = PBXFileReference; lastKnownFileType = text.plist.xml; path = Info.plist; sourceTree = "<group>"; };
		81A1BBB123CE52320018254F /* CharacterList.swift */ = {isa = PBXFileReference; lastKnownFileType = sourcecode.swift; path = CharacterList.swift; sourceTree = "<group>"; };
		81E7138623D0B574009BF8C9 /* Podfile */ = {isa = PBXFileReference; fileEncoding = 4; lastKnownFileType = text; path = Podfile; sourceTree = "<group>"; };
		81E7138A23D0EE6B009BF8C9 /* QuoteViewController.swift */ = {isa = PBXFileReference; lastKnownFileType = sourcecode.swift; path = QuoteViewController.swift; sourceTree = "<group>"; };
		81E713A523D10983009BF8C9 /* BrakingBadWidget.appex */ = {isa = PBXFileReference; explicitFileType = "wrapper.app-extension"; includeInIndex = 0; path = BrakingBadWidget.appex; sourceTree = BUILT_PRODUCTS_DIR; };
		81E713A623D10983009BF8C9 /* NotificationCenter.framework */ = {isa = PBXFileReference; lastKnownFileType = wrapper.framework; name = NotificationCenter.framework; path = System/Library/Frameworks/NotificationCenter.framework; sourceTree = SDKROOT; };
		81E713A923D10983009BF8C9 /* TodayViewController.swift */ = {isa = PBXFileReference; lastKnownFileType = sourcecode.swift; path = TodayViewController.swift; sourceTree = "<group>"; };
		81E713AC23D10983009BF8C9 /* Base */ = {isa = PBXFileReference; lastKnownFileType = file.storyboard; name = Base; path = Base.lproj/MainInterface.storyboard; sourceTree = "<group>"; };
		81E713AE23D10983009BF8C9 /* Info.plist */ = {isa = PBXFileReference; lastKnownFileType = text.plist.xml; path = Info.plist; sourceTree = "<group>"; };
		81E713BA23D115C6009BF8C9 /* BreakingBadModrisUITests.xctest */ = {isa = PBXFileReference; explicitFileType = wrapper.cfbundle; includeInIndex = 0; path = BreakingBadModrisUITests.xctest; sourceTree = BUILT_PRODUCTS_DIR; };
		81E713BC23D115C6009BF8C9 /* BreakingBadModrisUITests.swift */ = {isa = PBXFileReference; lastKnownFileType = sourcecode.swift; path = BreakingBadModrisUITests.swift; sourceTree = "<group>"; };
		81E713BE23D115C6009BF8C9 /* Info.plist */ = {isa = PBXFileReference; lastKnownFileType = text.plist.xml; path = Info.plist; sourceTree = "<group>"; };
		854247222477F56A32D5CA4C /* Pods_BreakingBadModris.framework */ = {isa = PBXFileReference; explicitFileType = wrapper.framework; includeInIndex = 0; path = Pods_BreakingBadModris.framework; sourceTree = BUILT_PRODUCTS_DIR; };
		96B0FD14487CDBB1111E4D97 /* Pods-BreakingBadModris.release.xcconfig */ = {isa = PBXFileReference; includeInIndex = 1; lastKnownFileType = text.xcconfig; name = "Pods-BreakingBadModris.release.xcconfig"; path = "Target Support Files/Pods-BreakingBadModris/Pods-BreakingBadModris.release.xcconfig"; sourceTree = "<group>"; };
		B8E25672516ABE0711B5D06A /* Pods-BrakingBadWidget.debug.xcconfig */ = {isa = PBXFileReference; includeInIndex = 1; lastKnownFileType = text.xcconfig; name = "Pods-BrakingBadWidget.debug.xcconfig"; path = "Target Support Files/Pods-BrakingBadWidget/Pods-BrakingBadWidget.debug.xcconfig"; sourceTree = "<group>"; };
		BDF476B99EE4A4AB39F63BC9 /* Pods-BrakingBadWidget.release.xcconfig */ = {isa = PBXFileReference; includeInIndex = 1; lastKnownFileType = text.xcconfig; name = "Pods-BrakingBadWidget.release.xcconfig"; path = "Target Support Files/Pods-BrakingBadWidget/Pods-BrakingBadWidget.release.xcconfig"; sourceTree = "<group>"; };
		E7DD65E67A0887C405BC6A0A /* Pods_BrakingBadWidget.framework */ = {isa = PBXFileReference; explicitFileType = wrapper.framework; includeInIndex = 0; path = Pods_BrakingBadWidget.framework; sourceTree = BUILT_PRODUCTS_DIR; };
/* End PBXFileReference section */

/* Begin PBXFrameworksBuildPhase section */
		81A1BB9323CE51800018254F /* Frameworks */ = {
			isa = PBXFrameworksBuildPhase;
			buildActionMask = 2147483647;
			files = (
				F52A5936A49D66D14D734ACA /* Pods_BreakingBadModris.framework in Frameworks */,
			);
			runOnlyForDeploymentPostprocessing = 0;
		};
		81E713A223D10983009BF8C9 /* Frameworks */ = {
			isa = PBXFrameworksBuildPhase;
			buildActionMask = 2147483647;
			files = (
				81E713A723D10983009BF8C9 /* NotificationCenter.framework in Frameworks */,
				B032340F82BF5AB425C0895C /* Pods_BrakingBadWidget.framework in Frameworks */,
			);
			runOnlyForDeploymentPostprocessing = 0;
		};
		81E713B723D115C6009BF8C9 /* Frameworks */ = {
			isa = PBXFrameworksBuildPhase;
			buildActionMask = 2147483647;
			files = (
			);
			runOnlyForDeploymentPostprocessing = 0;
		};
/* End PBXFrameworksBuildPhase section */

/* Begin PBXGroup section */
		81A1BB8D23CE51800018254F = {
			isa = PBXGroup;
			children = (
				81E7138623D0B574009BF8C9 /* Podfile */,
				81A1BB9823CE51800018254F /* BreakingBadModris */,
				81E713A823D10983009BF8C9 /* BrakingBadWidget */,
				81E713BB23D115C6009BF8C9 /* BreakingBadModrisUITests */,
				81A1BB9723CE51800018254F /* Products */,
				B54977B04ED2255B08EFA2CF /* Pods */,
				949E297B1D30D36C3692590A /* Frameworks */,
			);
			sourceTree = "<group>";
		};
		81A1BB9723CE51800018254F /* Products */ = {
			isa = PBXGroup;
			children = (
				81A1BB9623CE51800018254F /* BreakingBadModris.app */,
				81E713A523D10983009BF8C9 /* BrakingBadWidget.appex */,
				81E713BA23D115C6009BF8C9 /* BreakingBadModrisUITests.xctest */,
			);
			name = Products;
			sourceTree = "<group>";
		};
		81A1BB9823CE51800018254F /* BreakingBadModris */ = {
			isa = PBXGroup;
			children = (
				81A1BBB023CE52010018254F /* VCS */,
				81A1BB9923CE51800018254F /* AppDelegate.swift */,
				81A1BB9B23CE51800018254F /* SceneDelegate.swift */,
				81A1BB9F23CE51800018254F /* Main.storyboard */,
				81A1BBA523CE51820018254F /* Assets.xcassets */,
				81A1BBA723CE51820018254F /* LaunchScreen.storyboard */,
				81A1BBAA23CE51820018254F /* Info.plist */,
				81A1BBA223CE51800018254F /* BreakingBadModris.xcdatamodeld */,
			);
			path = BreakingBadModris;
			sourceTree = "<group>";
		};
		81A1BBB023CE52010018254F /* VCS */ = {
			isa = PBXGroup;
			children = (
				81A1BBB123CE52320018254F /* CharacterList.swift */,
				81E7138A23D0EE6B009BF8C9 /* QuoteViewController.swift */,
			);
			path = VCS;
			sourceTree = "<group>";
		};
		81E713A823D10983009BF8C9 /* BrakingBadWidget */ = {
			isa = PBXGroup;
			children = (
				81E713A923D10983009BF8C9 /* TodayViewController.swift */,
				81E713AB23D10983009BF8C9 /* MainInterface.storyboard */,
				81E713AE23D10983009BF8C9 /* Info.plist */,
			);
			path = BrakingBadWidget;
			sourceTree = "<group>";
		};
		81E713BB23D115C6009BF8C9 /* BreakingBadModrisUITests */ = {
			isa = PBXGroup;
			children = (
				81E713BC23D115C6009BF8C9 /* BreakingBadModrisUITests.swift */,
				81E713BE23D115C6009BF8C9 /* Info.plist */,
			);
			path = BreakingBadModrisUITests;
			sourceTree = "<group>";
		};
		949E297B1D30D36C3692590A /* Frameworks */ = {
			isa = PBXGroup;
			children = (
				854247222477F56A32D5CA4C /* Pods_BreakingBadModris.framework */,
				81E713A623D10983009BF8C9 /* NotificationCenter.framework */,
				E7DD65E67A0887C405BC6A0A /* Pods_BrakingBadWidget.framework */,
			);
			name = Frameworks;
			sourceTree = "<group>";
		};
		B54977B04ED2255B08EFA2CF /* Pods */ = {
			isa = PBXGroup;
			children = (
				7FEDF2596CA9E757152F7A7D /* Pods-BreakingBadModris.debug.xcconfig */,
				96B0FD14487CDBB1111E4D97 /* Pods-BreakingBadModris.release.xcconfig */,
				B8E25672516ABE0711B5D06A /* Pods-BrakingBadWidget.debug.xcconfig */,
				BDF476B99EE4A4AB39F63BC9 /* Pods-BrakingBadWidget.release.xcconfig */,
			);
			path = Pods;
			sourceTree = "<group>";
		};
/* End PBXGroup section */

/* Begin PBXNativeTarget section */
		81A1BB9523CE51800018254F /* BreakingBadModris */ = {
			isa = PBXNativeTarget;
			buildConfigurationList = 81A1BBAD23CE51820018254F /* Build configuration list for PBXNativeTarget "BreakingBadModris" */;
			buildPhases = (
				C1770AA4A2DB3509FE15E7B2 /* [CP] Check Pods Manifest.lock */,
				81A1BB9223CE51800018254F /* Sources */,
				81A1BB9323CE51800018254F /* Frameworks */,
				81A1BB9423CE51800018254F /* Resources */,
				8C23B370E517954029EF959A /* [CP] Embed Pods Frameworks */,
				81E713B223D10983009BF8C9 /* Embed App Extensions */,
			);
			buildRules = (
			);
			dependencies = (
				81E713B023D10983009BF8C9 /* PBXTargetDependency */,
			);
			name = BreakingBadModris;
			productName = BreakingBadModris;
			productReference = 81A1BB9623CE51800018254F /* BreakingBadModris.app */;
			productType = "com.apple.product-type.application";
		};
		81E713A423D10983009BF8C9 /* BrakingBadWidget */ = {
			isa = PBXNativeTarget;
			buildConfigurationList = 81E713B523D10983009BF8C9 /* Build configuration list for PBXNativeTarget "BrakingBadWidget" */;
			buildPhases = (
				476D8593A2FD710D5FFAB53E /* [CP] Check Pods Manifest.lock */,
				81E713A123D10983009BF8C9 /* Sources */,
				81E713A223D10983009BF8C9 /* Frameworks */,
				81E713A323D10983009BF8C9 /* Resources */,
			);
			buildRules = (
			);
			dependencies = (
			);
			name = BrakingBadWidget;
			productName = BrakingBadWidget;
			productReference = 81E713A523D10983009BF8C9 /* BrakingBadWidget.appex */;
			productType = "com.apple.product-type.app-extension";
		};
		81E713B923D115C6009BF8C9 /* BreakingBadModrisUITests */ = {
			isa = PBXNativeTarget;
			buildConfigurationList = 81E713C123D115C6009BF8C9 /* Build configuration list for PBXNativeTarget "BreakingBadModrisUITests" */;
			buildPhases = (
				81E713B623D115C6009BF8C9 /* Sources */,
				81E713B723D115C6009BF8C9 /* Frameworks */,
				81E713B823D115C6009BF8C9 /* Resources */,
			);
			buildRules = (
			);
			dependencies = (
				81E713C023D115C6009BF8C9 /* PBXTargetDependency */,
			);
			name = BreakingBadModrisUITests;
			productName = BreakingBadModrisUITests;
			productReference = 81E713BA23D115C6009BF8C9 /* BreakingBadModrisUITests.xctest */;
			productType = "com.apple.product-type.bundle.ui-testing";
		};
/* End PBXNativeTarget section */

/* Begin PBXProject section */
		81A1BB8E23CE51800018254F /* Project object */ = {
			isa = PBXProject;
			attributes = {
				LastSwiftUpdateCheck = 1130;
				LastUpgradeCheck = 1130;
				ORGANIZATIONNAME = "Modris Ozols";
				TargetAttributes = {
					81A1BB9523CE51800018254F = {
						CreatedOnToolsVersion = 11.3;
					};
					81E713A423D10983009BF8C9 = {
						CreatedOnToolsVersion = 11.3;
					};
					81E713B923D115C6009BF8C9 = {
						CreatedOnToolsVersion = 11.3;
						TestTargetID = 81A1BB9523CE51800018254F;
					};
				};
			};
			buildConfigurationList = 81A1BB9123CE51800018254F /* Build configuration list for PBXProject "BreakingBadModris" */;
			compatibilityVersion = "Xcode 9.3";
			developmentRegion = en;
			hasScannedForEncodings = 0;
			knownRegions = (
				en,
				Base,
			);
			mainGroup = 81A1BB8D23CE51800018254F;
			productRefGroup = 81A1BB9723CE51800018254F /* Products */;
			projectDirPath = "";
			projectRoot = "";
			targets = (
				81A1BB9523CE51800018254F /* BreakingBadModris */,
				81E713A423D10983009BF8C9 /* BrakingBadWidget */,
				81E713B923D115C6009BF8C9 /* BreakingBadModrisUITests */,
			);
		};
/* End PBXProject section */

/* Begin PBXResourcesBuildPhase section */
		81A1BB9423CE51800018254F /* Resources */ = {
			isa = PBXResourcesBuildPhase;
			buildActionMask = 2147483647;
			files = (
				81A1BBA923CE51820018254F /* LaunchScreen.storyboard in Resources */,
				81A1BBA623CE51820018254F /* Assets.xcassets in Resources */,
				81E7138723D0B574009BF8C9 /* Podfile in Resources */,
				81A1BBA123CE51800018254F /* Main.storyboard in Resources */,
			);
			runOnlyForDeploymentPostprocessing = 0;
		};
		81E713A323D10983009BF8C9 /* Resources */ = {
			isa = PBXResourcesBuildPhase;
			buildActionMask = 2147483647;
			files = (
				81E713AD23D10983009BF8C9 /* MainInterface.storyboard in Resources */,
			);
			runOnlyForDeploymentPostprocessing = 0;
		};
		81E713B823D115C6009BF8C9 /* Resources */ = {
			isa = PBXResourcesBuildPhase;
			buildActionMask = 2147483647;
			files = (
			);
			runOnlyForDeploymentPostprocessing = 0;
		};
/* End PBXResourcesBuildPhase section */

/* Begin PBXShellScriptBuildPhase section */
		476D8593A2FD710D5FFAB53E /* [CP] Check Pods Manifest.lock */ = {
			isa = PBXShellScriptBuildPhase;
			buildActionMask = 2147483647;
			files = (
			);
			inputFileListPaths = (
			);
			inputPaths = (
				"${PODS_PODFILE_DIR_PATH}/Podfile.lock",
				"${PODS_ROOT}/Manifest.lock",
			);
			name = "[CP] Check Pods Manifest.lock";
			outputFileListPaths = (
			);
			outputPaths = (
				"$(DERIVED_FILE_DIR)/Pods-BrakingBadWidget-checkManifestLockResult.txt",
			);
			runOnlyForDeploymentPostprocessing = 0;
			shellPath = /bin/sh;
			shellScript = "diff \"${PODS_PODFILE_DIR_PATH}/Podfile.lock\" \"${PODS_ROOT}/Manifest.lock\" > /dev/null\nif [ $? != 0 ] ; then\n    # print error to STDERR\n    echo \"error: The sandbox is not in sync with the Podfile.lock. Run 'pod install' or update your CocoaPods installation.\" >&2\n    exit 1\nfi\n# This output is used by Xcode 'outputs' to avoid re-running this script phase.\necho \"SUCCESS\" > \"${SCRIPT_OUTPUT_FILE_0}\"\n";
			showEnvVarsInLog = 0;
		};
		8C23B370E517954029EF959A /* [CP] Embed Pods Frameworks */ = {
			isa = PBXShellScriptBuildPhase;
			buildActionMask = 2147483647;
			files = (
			);
			inputFileListPaths = (
				"${PODS_ROOT}/Target Support Files/Pods-BreakingBadModris/Pods-BreakingBadModris-frameworks-${CONFIGURATION}-input-files.xcfilelist",
			);
			name = "[CP] Embed Pods Frameworks";
			outputFileListPaths = (
				"${PODS_ROOT}/Target Support Files/Pods-BreakingBadModris/Pods-BreakingBadModris-frameworks-${CONFIGURATION}-output-files.xcfilelist",
			);
			runOnlyForDeploymentPostprocessing = 0;
			shellPath = /bin/sh;
			shellScript = "\"${PODS_ROOT}/Target Support Files/Pods-BreakingBadModris/Pods-BreakingBadModris-frameworks.sh\"\n";
			showEnvVarsInLog = 0;
		};
		C1770AA4A2DB3509FE15E7B2 /* [CP] Check Pods Manifest.lock */ = {
			isa = PBXShellScriptBuildPhase;
			buildActionMask = 2147483647;
			files = (
			);
			inputFileListPaths = (
			);
			inputPaths = (
				"${PODS_PODFILE_DIR_PATH}/Podfile.lock",
				"${PODS_ROOT}/Manifest.lock",
			);
			name = "[CP] Check Pods Manifest.lock";
			outputFileListPaths = (
			);
			outputPaths = (
				"$(DERIVED_FILE_DIR)/Pods-BreakingBadModris-checkManifestLockResult.txt",
			);
			runOnlyForDeploymentPostprocessing = 0;
			shellPath = /bin/sh;
			shellScript = "diff \"${PODS_PODFILE_DIR_PATH}/Podfile.lock\" \"${PODS_ROOT}/Manifest.lock\" > /dev/null\nif [ $? != 0 ] ; then\n    # print error to STDERR\n    echo \"error: The sandbox is not in sync with the Podfile.lock. Run 'pod install' or update your CocoaPods installation.\" >&2\n    exit 1\nfi\n# This output is used by Xcode 'outputs' to avoid re-running this script phase.\necho \"SUCCESS\" > \"${SCRIPT_OUTPUT_FILE_0}\"\n";
			showEnvVarsInLog = 0;
		};
/* End PBXShellScriptBuildPhase section */

/* Begin PBXSourcesBuildPhase section */
		81A1BB9223CE51800018254F /* Sources */ = {
			isa = PBXSourcesBuildPhase;
			buildActionMask = 2147483647;
			files = (
				81E7138B23D0EE6B009BF8C9 /* QuoteViewController.swift in Sources */,
				81A1BB9A23CE51800018254F /* AppDelegate.swift in Sources */,
				81A1BBA423CE51800018254F /* BreakingBadModris.xcdatamodeld in Sources */,
				81A1BB9C23CE51800018254F /* SceneDelegate.swift in Sources */,
				81A1BBB223CE52320018254F /* CharacterList.swift in Sources */,
			);
			runOnlyForDeploymentPostprocessing = 0;
		};
		81E713A123D10983009BF8C9 /* Sources */ = {
			isa = PBXSourcesBuildPhase;
			buildActionMask = 2147483647;
			files = (
				81E713AA23D10983009BF8C9 /* TodayViewController.swift in Sources */,
			);
			runOnlyForDeploymentPostprocessing = 0;
		};
		81E713B623D115C6009BF8C9 /* Sources */ = {
			isa = PBXSourcesBuildPhase;
			buildActionMask = 2147483647;
			files = (
				81E713BD23D115C6009BF8C9 /* BreakingBadModrisUITests.swift in Sources */,
			);
			runOnlyForDeploymentPostprocessing = 0;
		};
/* End PBXSourcesBuildPhase section */

/* Begin PBXTargetDependency section */
		81E713B023D10983009BF8C9 /* PBXTargetDependency */ = {
			isa = PBXTargetDependency;
			target = 81E713A423D10983009BF8C9 /* BrakingBadWidget */;
			targetProxy = 81E713AF23D10983009BF8C9 /* PBXContainerItemProxy */;
		};
		81E713C023D115C6009BF8C9 /* PBXTargetDependency */ = {
			isa = PBXTargetDependency;
			target = 81A1BB9523CE51800018254F /* BreakingBadModris */;
			targetProxy = 81E713BF23D115C6009BF8C9 /* PBXContainerItemProxy */;
		};
/* End PBXTargetDependency section */

/* Begin PBXVariantGroup section */
		81A1BB9F23CE51800018254F /* Main.storyboard */ = {
			isa = PBXVariantGroup;
			children = (
				81A1BBA023CE51800018254F /* Base */,
			);
			name = Main.storyboard;
			sourceTree = "<group>";
		};
		81A1BBA723CE51820018254F /* LaunchScreen.storyboard */ = {
			isa = PBXVariantGroup;
			children = (
				81A1BBA823CE51820018254F /* Base */,
			);
			name = LaunchScreen.storyboard;
			sourceTree = "<group>";
		};
		81E713AB23D10983009BF8C9 /* MainInterface.storyboard */ = {
			isa = PBXVariantGroup;
			children = (
				81E713AC23D10983009BF8C9 /* Base */,
			);
			name = MainInterface.storyboard;
			sourceTree = "<group>";
		};
/* End PBXVariantGroup section */

/* Begin XCBuildConfiguration section */
		81A1BBAB23CE51820018254F /* Debug */ = {
			isa = XCBuildConfiguration;
			buildSettings = {
				ALWAYS_EMBED_SWIFT_STANDARD_LIBRARIES = "$(inherited)";
				ALWAYS_SEARCH_USER_PATHS = NO;
				APPLICATION_EXTENSION_API_ONLY = NO;
				CLANG_ANALYZER_NONNULL = YES;
				CLANG_ANALYZER_NUMBER_OBJECT_CONVERSION = YES_AGGRESSIVE;
				CLANG_CXX_LANGUAGE_STANDARD = "gnu++14";
				CLANG_CXX_LIBRARY = "libc++";
				CLANG_ENABLE_MODULES = YES;
				CLANG_ENABLE_OBJC_ARC = YES;
				CLANG_ENABLE_OBJC_WEAK = YES;
				CLANG_WARN_BLOCK_CAPTURE_AUTORELEASING = YES;
				CLANG_WARN_BOOL_CONVERSION = YES;
				CLANG_WARN_COMMA = YES;
				CLANG_WARN_CONSTANT_CONVERSION = YES;
				CLANG_WARN_DEPRECATED_OBJC_IMPLEMENTATIONS = YES;
				CLANG_WARN_DIRECT_OBJC_ISA_USAGE = YES_ERROR;
				CLANG_WARN_DOCUMENTATION_COMMENTS = YES;
				CLANG_WARN_EMPTY_BODY = YES;
				CLANG_WARN_ENUM_CONVERSION = YES;
				CLANG_WARN_INFINITE_RECURSION = YES;
				CLANG_WARN_INT_CONVERSION = YES;
				CLANG_WARN_NON_LITERAL_NULL_CONVERSION = YES;
				CLANG_WARN_OBJC_IMPLICIT_RETAIN_SELF = YES;
				CLANG_WARN_OBJC_LITERAL_CONVERSION = YES;
				CLANG_WARN_OBJC_ROOT_CLASS = YES_ERROR;
				CLANG_WARN_RANGE_LOOP_ANALYSIS = YES;
				CLANG_WARN_STRICT_PROTOTYPES = YES;
				CLANG_WARN_SUSPICIOUS_MOVE = YES;
				CLANG_WARN_UNGUARDED_AVAILABILITY = YES_AGGRESSIVE;
				CLANG_WARN_UNREACHABLE_CODE = YES;
				CLANG_WARN__DUPLICATE_METHOD_MATCH = YES;
				COPY_PHASE_STRIP = NO;
				DEBUG_INFORMATION_FORMAT = dwarf;
				ENABLE_STRICT_OBJC_MSGSEND = YES;
				ENABLE_TESTABILITY = YES;
				GCC_C_LANGUAGE_STANDARD = gnu11;
				GCC_DYNAMIC_NO_PIC = NO;
				GCC_NO_COMMON_BLOCKS = YES;
				GCC_OPTIMIZATION_LEVEL = 0;
				GCC_PREPROCESSOR_DEFINITIONS = (
					"DEBUG=1",
					"$(inherited)",
				);
				GCC_WARN_64_TO_32_BIT_CONVERSION = YES;
				GCC_WARN_ABOUT_RETURN_TYPE = YES_ERROR;
				GCC_WARN_UNDECLARED_SELECTOR = YES;
				GCC_WARN_UNINITIALIZED_AUTOS = YES_AGGRESSIVE;
				GCC_WARN_UNUSED_FUNCTION = YES;
				GCC_WARN_UNUSED_VARIABLE = YES;
				IPHONEOS_DEPLOYMENT_TARGET = 13.2;
				MTL_ENABLE_DEBUG_INFO = INCLUDE_SOURCE;
				MTL_FAST_MATH = YES;
				ONLY_ACTIVE_ARCH = YES;
				SDKROOT = iphoneos;
				SWIFT_ACTIVE_COMPILATION_CONDITIONS = DEBUG;
				SWIFT_OPTIMIZATION_LEVEL = "-Onone";
			};
			name = Debug;
		};
		81A1BBAC23CE51820018254F /* Release */ = {
			isa = XCBuildConfiguration;
			buildSettings = {
				ALWAYS_EMBED_SWIFT_STANDARD_LIBRARIES = "$(inherited)";
				ALWAYS_SEARCH_USER_PATHS = NO;
				APPLICATION_EXTENSION_API_ONLY = NO;
				CLANG_ANALYZER_NONNULL = YES;
				CLANG_ANALYZER_NUMBER_OBJECT_CONVERSION = YES_AGGRESSIVE;
				CLANG_CXX_LANGUAGE_STANDARD = "gnu++14";
				CLANG_CXX_LIBRARY = "libc++";
				CLANG_ENABLE_MODULES = YES;
				CLANG_ENABLE_OBJC_ARC = YES;
				CLANG_ENABLE_OBJC_WEAK = YES;
				CLANG_WARN_BLOCK_CAPTURE_AUTORELEASING = YES;
				CLANG_WARN_BOOL_CONVERSION = YES;
				CLANG_WARN_COMMA = YES;
				CLANG_WARN_CONSTANT_CONVERSION = YES;
				CLANG_WARN_DEPRECATED_OBJC_IMPLEMENTATIONS = YES;
				CLANG_WARN_DIRECT_OBJC_ISA_USAGE = YES_ERROR;
				CLANG_WARN_DOCUMENTATION_COMMENTS = YES;
				CLANG_WARN_EMPTY_BODY = YES;
				CLANG_WARN_ENUM_CONVERSION = YES;
				CLANG_WARN_INFINITE_RECURSION = YES;
				CLANG_WARN_INT_CONVERSION = YES;
				CLANG_WARN_NON_LITERAL_NULL_CONVERSION = YES;
				CLANG_WARN_OBJC_IMPLICIT_RETAIN_SELF = YES;
				CLANG_WARN_OBJC_LITERAL_CONVERSION = YES;
				CLANG_WARN_OBJC_ROOT_CLASS = YES_ERROR;
				CLANG_WARN_RANGE_LOOP_ANALYSIS = YES;
				CLANG_WARN_STRICT_PROTOTYPES = YES;
				CLANG_WARN_SUSPICIOUS_MOVE = YES;
				CLANG_WARN_UNGUARDED_AVAILABILITY = YES_AGGRESSIVE;
				CLANG_WARN_UNREACHABLE_CODE = YES;
				CLANG_WARN__DUPLICATE_METHOD_MATCH = YES;
				COPY_PHASE_STRIP = NO;
				DEBUG_INFORMATION_FORMAT = "dwarf-with-dsym";
				ENABLE_NS_ASSERTIONS = NO;
				ENABLE_STRICT_OBJC_MSGSEND = YES;
				GCC_C_LANGUAGE_STANDARD = gnu11;
				GCC_NO_COMMON_BLOCKS = YES;
				GCC_WARN_64_TO_32_BIT_CONVERSION = YES;
				GCC_WARN_ABOUT_RETURN_TYPE = YES_ERROR;
				GCC_WARN_UNDECLARED_SELECTOR = YES;
				GCC_WARN_UNINITIALIZED_AUTOS = YES_AGGRESSIVE;
				GCC_WARN_UNUSED_FUNCTION = YES;
				GCC_WARN_UNUSED_VARIABLE = YES;
				IPHONEOS_DEPLOYMENT_TARGET = 13.2;
				MTL_ENABLE_DEBUG_INFO = NO;
				MTL_FAST_MATH = YES;
				SDKROOT = iphoneos;
				SWIFT_COMPILATION_MODE = wholemodule;
				SWIFT_OPTIMIZATION_LEVEL = "-O";
				VALIDATE_PRODUCT = YES;
			};
			name = Release;
		};
		81A1BBAE23CE51820018254F /* Debug */ = {
			isa = XCBuildConfiguration;
			baseConfigurationReference = 7FEDF2596CA9E757152F7A7D /* Pods-BreakingBadModris.debug.xcconfig */;
			buildSettings = {
				ALWAYS_EMBED_SWIFT_STANDARD_LIBRARIES = "$(inherited)";
				ASSETCATALOG_COMPILER_APPICON_NAME = AppIcon;
				CODE_SIGN_STYLE = Automatic;
				DEVELOPMENT_TEAM = D9TBJ5WHDG;
				INFOPLIST_FILE = BreakingBadModris/Info.plist;
				LD_RUNPATH_SEARCH_PATHS = (
					"$(inherited)",
					"@executable_path/Frameworks",
				);
				PRODUCT_BUNDLE_IDENTIFIER = com.modris.ozols.BreakingBadModris;
				PRODUCT_NAME = "$(TARGET_NAME)";
				SWIFT_VERSION = 5.0;
				TARGETED_DEVICE_FAMILY = "1,2";
			};
			name = Debug;
		};
		81A1BBAF23CE51820018254F /* Release */ = {
			isa = XCBuildConfiguration;
			baseConfigurationReference = 96B0FD14487CDBB1111E4D97 /* Pods-BreakingBadModris.release.xcconfig */;
			buildSettings = {
				ALWAYS_EMBED_SWIFT_STANDARD_LIBRARIES = "$(inherited)";
				ASSETCATALOG_COMPILER_APPICON_NAME = AppIcon;
				CODE_SIGN_STYLE = Automatic;
				DEVELOPMENT_TEAM = D9TBJ5WHDG;
				INFOPLIST_FILE = BreakingBadModris/Info.plist;
				LD_RUNPATH_SEARCH_PATHS = (
					"$(inherited)",
					"@executable_path/Frameworks",
				);
				PRODUCT_BUNDLE_IDENTIFIER = com.modris.ozols.BreakingBadModris;
				PRODUCT_NAME = "$(TARGET_NAME)";
				SWIFT_VERSION = 5.0;
				TARGETED_DEVICE_FAMILY = "1,2";
			};
			name = Release;
		};
		81E713B323D10983009BF8C9 /* Debug */ = {
			isa = XCBuildConfiguration;
			baseConfigurationReference = B8E25672516ABE0711B5D06A /* Pods-BrakingBadWidget.debug.xcconfig */;
			buildSettings = {
				ALWAYS_EMBED_SWIFT_STANDARD_LIBRARIES = "$(inherited)";
				CODE_SIGN_STYLE = Automatic;
				DEVELOPMENT_TEAM = D9TBJ5WHDG;
				INFOPLIST_FILE = BrakingBadWidget/Info.plist;
				LD_RUNPATH_SEARCH_PATHS = (
					"$(inherited)",
					"@executable_path/Frameworks",
					"@executable_path/../../Frameworks",
				);
				PRODUCT_BUNDLE_IDENTIFIER = com.modris.ozols.BreakingBadModris.BrakingBadWidget;
				PRODUCT_NAME = "$(TARGET_NAME)";
				SKIP_INSTALL = YES;
				SWIFT_VERSION = 5.0;
				TARGETED_DEVICE_FAMILY = 1;
			};
			name = Debug;
		};
		81E713B423D10983009BF8C9 /* Release */ = {
			isa = XCBuildConfiguration;
			baseConfigurationReference = BDF476B99EE4A4AB39F63BC9 /* Pods-BrakingBadWidget.release.xcconfig */;
			buildSettings = {
				ALWAYS_EMBED_SWIFT_STANDARD_LIBRARIES = "$(inherited)";
				CODE_SIGN_STYLE = Automatic;
				DEVELOPMENT_TEAM = D9TBJ5WHDG;
				INFOPLIST_FILE = BrakingBadWidget/Info.plist;
				LD_RUNPATH_SEARCH_PATHS = (
					"$(inherited)",
					"@executable_path/Frameworks",
					"@executable_path/../../Frameworks",
				);
				PRODUCT_BUNDLE_IDENTIFIER = com.modris.ozols.BreakingBadModris.BrakingBadWidget;
				PRODUCT_NAME = "$(TARGET_NAME)";
				SKIP_INSTALL = YES;
				SWIFT_VERSION = 5.0;
				TARGETED_DEVICE_FAMILY = 1;
			};
			name = Release;
		};
		81E713C223D115C6009BF8C9 /* Debug */ = {
			isa = XCBuildConfiguration;
			buildSettings = {
				"CODE_SIGN_IDENTITY[sdk=macosx*]" = "Apple Development";
				CODE_SIGN_STYLE = Automatic;
				DEVELOPMENT_TEAM = D9TBJ5WHDG;
				INFOPLIST_FILE = BreakingBadModrisUITests/Info.plist;
				LD_RUNPATH_SEARCH_PATHS = (
					"$(inherited)",
					"@executable_path/Frameworks",
					"@loader_path/Frameworks",
				);
				PRODUCT_BUNDLE_IDENTIFIER = com.modris.ozols.BreakingBadModrisUITests;
				PRODUCT_NAME = "$(TARGET_NAME)";
				SWIFT_VERSION = 5.0;
				TARGETED_DEVICE_FAMILY = "1,2";
				TEST_TARGET_NAME = BreakingBadModris;
			};
			name = Debug;
		};
		81E713C323D115C6009BF8C9 /* Release */ = {
			isa = XCBuildConfiguration;
			buildSettings = {
				CODE_SIGN_STYLE = Automatic;
				DEVELOPMENT_TEAM = D9TBJ5WHDG;
				INFOPLIST_FILE = BreakingBadModrisUITests/Info.plist;
				LD_RUNPATH_SEARCH_PATHS = (
					"$(inherited)",
					"@executable_path/Frameworks",
					"@loader_path/Frameworks",
				);
				PRODUCT_BUNDLE_IDENTIFIER = com.modris.ozols.BreakingBadModrisUITests;
				PRODUCT_NAME = "$(TARGET_NAME)";
				SWIFT_VERSION = 5.0;
				TARGETED_DEVICE_FAMILY = "1,2";
				TEST_TARGET_NAME = BreakingBadModris;
			};
			name = Release;
		};
/* End XCBuildConfiguration section */

/* Begin XCConfigurationList section */
		81A1BB9123CE51800018254F /* Build configuration list for PBXProject "BreakingBadModris" */ = {
			isa = XCConfigurationList;
			buildConfigurations = (
				81A1BBAB23CE51820018254F /* Debug */,
				81A1BBAC23CE51820018254F /* Release */,
			);
			defaultConfigurationIsVisible = 0;
			defaultConfigurationName = Release;
		};
		81A1BBAD23CE51820018254F /* Build configuration list for PBXNativeTarget "BreakingBadModris" */ = {
			isa = XCConfigurationList;
			buildConfigurations = (
				81A1BBAE23CE51820018254F /* Debug */,
				81A1BBAF23CE51820018254F /* Release */,
			);
			defaultConfigurationIsVisible = 0;
			defaultConfigurationName = Release;
		};
		81E713B523D10983009BF8C9 /* Build configuration list for PBXNativeTarget "BrakingBadWidget" */ = {
			isa = XCConfigurationList;
			buildConfigurations = (
				81E713B323D10983009BF8C9 /* Debug */,
				81E713B423D10983009BF8C9 /* Release */,
			);
			defaultConfigurationIsVisible = 0;
			defaultConfigurationName = Release;
		};
		81E713C123D115C6009BF8C9 /* Build configuration list for PBXNativeTarget "BreakingBadModrisUITests" */ = {
			isa = XCConfigurationList;
			buildConfigurations = (
				81E713C223D115C6009BF8C9 /* Debug */,
				81E713C323D115C6009BF8C9 /* Release */,
			);
			defaultConfigurationIsVisible = 0;
			defaultConfigurationName = Release;
		};
/* End XCConfigurationList section */

/* Begin XCVersionGroup section */
		81A1BBA223CE51800018254F /* BreakingBadModris.xcdatamodeld */ = {
			isa = XCVersionGroup;
			children = (
				81A1BBA323CE51800018254F /* BreakingBadModris.xcdatamodel */,
			);
			currentVersion = 81A1BBA323CE51800018254F /* BreakingBadModris.xcdatamodel */;
			path = BreakingBadModris.xcdatamodeld;
			sourceTree = "<group>";
			versionGroupType = wrapper.xcdatamodel;
		};
/* End XCVersionGroup section */
	};
	rootObject = 81A1BB8E23CE51800018254F /* Project object */;
}
